// !$*UTF8*$!
{
	archiveVersion = 1;
	classes = {
	};
	objectVersion = 46;
	objects = {

/* Begin PBXBuildFile section */
		974871931F44162A007728B7 /* main.m in Sources */ = {isa = PBXBuildFile; fileRef = 974871921F44162A007728B7 /* main.m */; };
		974871961F44162A007728B7 /* AppDelegate.m in Sources */ = {isa = PBXBuildFile; fileRef = 974871951F44162A007728B7 /* AppDelegate.m */; };
		974871991F44162A007728B7 /* ViewController.m in Sources */ = {isa = PBXBuildFile; fileRef = 974871981F44162A007728B7 /* ViewController.m */; };
		9748719C1F44162A007728B7 /* Main.storyboard in Resources */ = {isa = PBXBuildFile; fileRef = 9748719A1F44162A007728B7 /* Main.storyboard */; };
		9748719E1F44162A007728B7 /* Assets.xcassets in Resources */ = {isa = PBXBuildFile; fileRef = 9748719D1F44162A007728B7 /* Assets.xcassets */; };
		974871A11F44162A007728B7 /* LaunchScreen.storyboard in Resources */ = {isa = PBXBuildFile; fileRef = 9748719F1F44162A007728B7 /* LaunchScreen.storyboard */; };
		974871A91F441E22007728B7 /* ShaderVertex.glsl in Resources */ = {isa = PBXBuildFile; fileRef = 974871A81F441E22007728B7 /* ShaderVertex.glsl */; };
		974871AB1F441E2F007728B7 /* ShaderFragment.glsl in Resources */ = {isa = PBXBuildFile; fileRef = 974871AA1F441E2F007728B7 /* ShaderFragment.glsl */; };
/* End PBXBuildFile section */

/* Begin PBXFileReference section */
		9748718E1F44162A007728B7 /* Demo4.app */ = {isa = PBXFileReference; explicitFileType = wrapper.application; includeInIndex = 0; path = Demo4.app; sourceTree = BUILT_PRODUCTS_DIR; };
		974871921F44162A007728B7 /* main.m */ = {isa = PBXFileReference; lastKnownFileType = sourcecode.c.objc; path = main.m; sourceTree = "<group>"; };
		974871941F44162A007728B7 /* AppDelegate.h */ = {isa = PBXFileReference; lastKnownFileType = sourcecode.c.h; path = AppDelegate.h; sourceTree = "<group>"; };
		974871951F44162A007728B7 /* AppDelegate.m */ = {isa = PBXFileReference; lastKnownFileType = sourcecode.c.objc; path = AppDelegate.m; sourceTree = "<group>"; };
		974871971F44162A007728B7 /* ViewController.h */ = {isa = PBXFileReference; lastKnownFileType = sourcecode.c.h; path = ViewController.h; sourceTree = "<group>"; };
		974871981F44162A007728B7 /* ViewController.m */ = {isa = PBXFileReference; lastKnownFileType = sourcecode.c.objc; path = ViewController.m; sourceTree = "<group>"; };
		9748719B1F44162A007728B7 /* Base */ = {isa = PBXFileReference; lastKnownFileType = file.storyboard; name = Base; path = Base.lproj/Main.storyboard; sourceTree = "<group>"; };
		9748719D1F44162A007728B7 /* Assets.xcassets */ = {isa = PBXFileReference; lastKnownFileType = folder.assetcatalog; path = Assets.xcassets; sourceTree = "<group>"; };
		974871A01F44162A007728B7 /* Base */ = {isa = PBXFileReference; lastKnownFileType = file.storyboard; name = Base; path = Base.lproj/LaunchScreen.storyboard; sourceTree = "<group>"; };
		974871A21F44162A007728B7 /* Info.plist */ = {isa = PBXFileReference; lastKnownFileType = text.plist.xml; path = Info.plist; sourceTree = "<group>"; };
		974871A81F441E22007728B7 /* ShaderVertex.glsl */ = {isa = PBXFileReference; fileEncoding = 4; lastKnownFileType = text; path = ShaderVertex.glsl; sourceTree = "<group>"; };
		974871AA1F441E2F007728B7 /* ShaderFragment.glsl */ = {isa = PBXFileReference; fileEncoding = 4; lastKnownFileType = text; path = ShaderFragment.glsl; sourceTree = "<group>"; };
/* End PBXFileReference section */

/* Begin PBXFrameworksBuildPhase section */
		9748718B1F44162A007728B7 /* Frameworks */ = {
			isa = PBXFrameworksBuildPhase;
			buildActionMask = 2147483647;
			files = (
			);
			runOnlyForDeploymentPostprocessing = 0;
		};
/* End PBXFrameworksBuildPhase section */

/* Begin PBXGroup section */
		974871851F44162A007728B7 = {
			isa = PBXGroup;
			children = (
				974871901F44162A007728B7 /* Demo4 */,
				9748718F1F44162A007728B7 /* Products */,
			);
			sourceTree = "<group>";
		};
		9748718F1F44162A007728B7 /* Products */ = {
			isa = PBXGroup;
			children = (
				9748718E1F44162A007728B7 /* Demo4.app */,
			);
			name = Products;
			sourceTree = "<group>";
		};
		974871901F44162A007728B7 /* Demo4 */ = {
			isa = PBXGroup;
			children = (
				974871941F44162A007728B7 /* AppDelegate.h */,
				974871951F44162A007728B7 /* AppDelegate.m */,
				974871971F44162A007728B7 /* ViewController.h */,
				974871981F44162A007728B7 /* ViewController.m */,
				974871A81F441E22007728B7 /* ShaderVertex.glsl */,
				974871AA1F441E2F007728B7 /* ShaderFragment.glsl */,
				9748719A1F44162A007728B7 /* Main.storyboard */,
				9748719D1F44162A007728B7 /* Assets.xcassets */,
				9748719F1F44162A007728B7 /* LaunchScreen.storyboard */,
				974871A21F44162A007728B7 /* Info.plist */,
				974871911F44162A007728B7 /* Supporting Files */,
			);
			path = Demo4;
			sourceTree = "<group>";
		};
		974871911F44162A007728B7 /* Supporting Files */ = {
			isa = PBXGroup;
			children = (
				974871921F44162A007728B7 /* main.m */,
			);
			name = "Supporting Files";
			sourceTree = "<group>";
		};
/* End PBXGroup section */

/* Begin PBXNativeTarget section */
		9748718D1F44162A007728B7 /* Demo4 */ = {
			isa = PBXNativeTarget;
			buildConfigurationList = 974871A51F44162A007728B7 /* Build configuration list for PBXNativeTarget "Demo4" */;
			buildPhases = (
				9748718A1F44162A007728B7 /* Sources */,
				9748718B1F44162A007728B7 /* Frameworks */,
				9748718C1F44162A007728B7 /* Resources */,
			);
			buildRules = (
			);
			dependencies = (
			);
			name = Demo4;
			productName = Demo4;
			productReference = 9748718E1F44162A007728B7 /* Demo4.app */;
			productType = "com.apple.product-type.application";
		};
/* End PBXNativeTarget section */

/* Begin PBXProject section */
		974871861F44162A007728B7 /* Project object */ = {
			isa = PBXProject;
			attributes = {
				LastUpgradeCheck = 0830;
				ORGANIZATIONNAME = codeLocker;
				TargetAttributes = {
					9748718D1F44162A007728B7 = {
						CreatedOnToolsVersion = 8.3.3;
						DevelopmentTeam = EGNU2YN2XY;
						ProvisioningStyle = Automatic;
					};
				};
			};
			buildConfigurationList = 974871891F44162A007728B7 /* Build configuration list for PBXProject "Demo4" */;
			compatibilityVersion = "Xcode 3.2";
			developmentRegion = English;
			hasScannedForEncodings = 0;
			knownRegions = (
				en,
				Base,
			);
			mainGroup = 974871851F44162A007728B7;
			productRefGroup = 9748718F1F44162A007728B7 /* Products */;
			projectDirPath = "";
			projectRoot = "";
			targets = (
				9748718D1F44162A007728B7 /* Demo4 */,
			);
		};
/* End PBXProject section */

/* Begin PBXResourcesBuildPhase section */
		9748718C1F44162A007728B7 /* Resources */ = {
			isa = PBXResourcesBuildPhase;
			buildActionMask = 2147483647;
			files = (
				974871A11F44162A007728B7 /* LaunchScreen.storyboard in Resources */,
				9748719E1F44162A007728B7 /* Assets.xcassets in Resources */,
				974871A91F441E22007728B7 /* ShaderVertex.glsl in Resources */,
				974871AB1F441E2F007728B7 /* ShaderFragment.glsl in Resources */,
				9748719C1F44162A007728B7 /* Main.storyboard in Resources */,
			);
			runOnlyForDeploymentPostprocessing = 0;
		};
/* End PBXResourcesBuildPhase section */

/* Begin PBXSourcesBuildPhase section */
		9748718A1F44162A007728B7 /* Sources */ = {
			isa = PBXSourcesBuildPhase;
			buildActionMask = 2147483647;
			files = (
				974871991F44162A007728B7 /* ViewController.m in Sources */,
				974871961F44162A007728B7 /* AppDelegate.m in Sources */,
				974871931F44162A007728B7 /* main.m in Sources */,
			);
			runOnlyForDeploymentPostprocessing = 0;
		};
/* End PBXSourcesBuildPhase section */

/* Begin PBXVariantGroup section */
		9748719A1F44162A007728B7 /* Main.storyboard */ = {
			isa = PBXVariantGroup;
			children = (
				9748719B1F44162A007728B7 /* Base */,
			);
			name = Main.storyboard;
			sourceTree = "<group>";
		};
		9748719F1F44162A007728B7 /* LaunchScreen.storyboard */ = {
			isa = PBXVariantGroup;
			children = (
				974871A01F44162A007728B7 /* Base */,
			);
			name = LaunchScreen.storyboard;
			sourceTree = "<group>";
		};
/* End PBXVariantGroup section */

/* Begin XCBuildConfiguration section */
		974871A31F44162A007728B7 /* Debug */ = {
			isa = XCBuildConfiguration;
			buildSettings = {
				ALWAYS_SEARCH_USER_PATHS = NO;
				CLANG_ANALYZER_NONNULL = YES;
				CLANG_ANALYZER_NUMBER_OBJECT_CONVERSION = YES_AGGRESSIVE;
				CLANG_CXX_LANGUAGE_STANDARD = "gnu++0x";
				CLANG_CXX_LIBRARY = "libc++";
				CLANG_ENABLE_MODULES = YES;
				CLANG_ENABLE_OBJC_ARC = YES;
				CLANG_WARN_BOOL_CONVERSION = YES;
				CLANG_WARN_CONSTANT_CONVERSION = YES;
				CLANG_WARN_DIRECT_OBJC_ISA_USAGE = YES_ERROR;
				CLANG_WARN_DOCUMENTATION_COMMENTS = YES;
				CLANG_WARN_EMPTY_BODY = YES;
				CLANG_WARN_ENUM_CONVERSION = YES;
				CLANG_WARN_INFINITE_RECURSION = YES;
				CLANG_WARN_INT_CONVERSION = YES;
				CLANG_WARN_OBJC_ROOT_CLASS = YES_ERROR;
				CLANG_WARN_SUSPICIOUS_MOVE = YES;
				CLANG_WARN_UNREACHABLE_CODE = YES;
				CLANG_WARN__DUPLICATE_METHOD_MATCH = YES;
				"CODE_SIGN_IDENTITY[sdk=iphoneos*]" = "iPhone Developer";
				COPY_PHASE_STRIP = NO;
				DEBUG_INFORMATION_FORMAT = dwarf;
				ENABLE_STRICT_OBJC_MSGSEND = YES;
				ENABLE_TESTABILITY = YES;
				GCC_C_LANGUAGE_STANDARD = gnu99;
				GCC_DYNAMIC_NO_PIC = NO;
				GCC_NO_COMMON_BLOCKS = YES;
				GCC_OPTIMIZATION_LEVEL = 0;
				GCC_PREPROCESSOR_DEFINITIONS = (
					"DEBUG=1",
					"$(inherited)",
				);
				GCC_WARN_64_TO_32_BIT_CONVERSION = YES;
				GCC_WARN_ABOUT_RETURN_TYPE = YES_ERROR;
				GCC_WARN_UNDECLARED_SELECTOR = YES;
				GCC_WARN_UNINITIALIZED_AUTOS = YES_AGGRESSIVE;
				GCC_WARN_UNUSED_FUNCTION = YES;
				GCC_WARN_UNUSED_VARIABLE = YES;
				IPHONEOS_DEPLOYMENT_TARGET = 10.3;
				MTL_ENABLE_DEBUG_INFO = YES;
				ONLY_ACTIVE_ARCH = YES;
				SDKROOT = iphoneos;
				TARGETED_DEVICE_FAMILY = "1,2";
			};
			name = Debug;
		};
		974871A41F44162A007728B7 /* Release */ = {
			isa = XCBuildConfiguration;
			buildSettings = {
				ALWAYS_SEARCH_USER_PATHS = NO;
				CLANG_ANALYZER_NONNULL = YES;
				CLANG_ANALYZER_NUMBER_OBJECT_CONVERSION = YES_AGGRESSIVE;
				CLANG_CXX_LANGUAGE_STANDARD = "gnu++0x";
				CLANG_CXX_LIBRARY = "libc++";
				CLANG_ENABLE_MODULES = YES;
				CLANG_ENABLE_OBJC_ARC = YES;
				CLANG_WARN_BOOL_CONVERSION = YES;
				CLANG_WARN_CONSTANT_CONVERSION = YES;
				CLANG_WARN_DIRECT_OBJC_ISA_USAGE = YES_ERROR;
				CLANG_WARN_DOCUMENTATION_COMMENTS = YES;
				CLANG_WARN_EMPTY_BODY = YES;
				CLANG_WARN_ENUM_CONVERSION = YES;
				CLANG_WARN_INFINITE_RECURSION = YES;
				CLANG_WARN_INT_CONVERSION = YES;
				CLANG_WARN_OBJC_ROOT_CLASS = YES_ERROR;
				CLANG_WARN_SUSPICIOUS_MOVE = YES;
				CLANG_WARN_UNREACHABLE_CODE = YES;
				CLANG_WARN__DUPLICATE_METHOD_MATCH = YES;
				"CODE_SIGN_IDENTITY[sdk=iphoneos*]" = "iPhone Developer";
				COPY_PHASE_STRIP = NO;
				DEBUG_INFORMATION_FORMAT = "dwarf-with-dsym";
				ENABLE_NS_ASSERTIONS = NO;
				ENABLE_STRICT_OBJC_MSGSEND = YES;
				GCC_C_LANGUAGE_STANDARD = gnu99;
				GCC_NO_COMMON_BLOCKS = YES;
				GCC_WARN_64_TO_32_BIT_CONVERSION = YES;
				GCC_WARN_ABOUT_RETURN_TYPE = YES_ERROR;
				GCC_WARN_UNDECLARED_SELECTOR = YES;
				GCC_WARN_UNINITIALIZED_AUTOS = YES_AGGRESSIVE;
				GCC_WARN_UNUSED_FUNCTION = YES;
				GCC_WARN_UNUSED_VARIABLE = YES;
				IPHONEOS_DEPLOYMENT_TARGET = 10.3;
				MTL_ENABLE_DEBUG_INFO = NO;
				SDKROOT = iphoneos;
				TARGETED_DEVICE_FAMILY = "1,2";
				VALIDATE_PRODUCT = YES;
			};
			name = Release;
		};
		974871A61F44162A007728B7 /* Debug */ = {
			isa = XCBuildConfiguration;
			buildSettings = {
				ASSETCATALOG_COMPILER_APPICON_NAME = AppIcon;
				DEVELOPMENT_TEAM = EGNU2YN2XY;
				INFOPLIST_FILE = Demo4/Info.plist;
				LD_RUNPATH_SEARCH_PATHS = "$(inherited) @executable_path/Frameworks";
				PRODUCT_BUNDLE_IDENTIFIER = codeLocker.Demo4;
				PRODUCT_NAME = "$(TARGET_NAME)";
			};
			name = Debug;
		};
		974871A71F44162A007728B7 /* Release */ = {
			isa = XCBuildConfiguration;
			buildSettings = {
				ASSETCATALOG_COMPILER_APPICON_NAME = AppIcon;
				DEVELOPMENT_TEAM = EGNU2YN2XY;
				INFOPLIST_FILE = Demo4/Info.plist;
				LD_RUNPATH_SEARCH_PATHS = "$(inherited) @executable_path/Frameworks";
				PRODUCT_BUNDLE_IDENTIFIER = codeLocker.Demo4;
				PRODUCT_NAME = "$(TARGET_NAME)";
			};
			name = Release;
		};
/* End XCBuildConfiguration section */

/* Begin XCConfigurationList section */
		974871891F44162A007728B7 /* Build configuration list for PBXProject "Demo4" */ = {
			isa = XCConfigurationList;
			buildConfigurations = (
				974871A31F44162A007728B7 /* Debug */,
				974871A41F44162A007728B7 /* Release */,
			);
			defaultConfigurationIsVisible = 0;
			defaultConfigurationName = Release;
		};
		974871A51F44162A007728B7 /* Build configuration list for PBXNativeTarget "Demo4" */ = {
			isa = XCConfigurationList;
			buildConfigurations = (
				974871A61F44162A007728B7 /* Debug */,
				974871A71F44162A007728B7 /* Release */,
			);
			defaultConfigurationIsVisible = 0;
			defaultConfigurationName = Release;
		};
/* End XCConfigurationList section */
	};
	rootObject = 974871861F44162A007728B7 /* Project object */;
}
